
Microsoft Visual Studio Solution File, Format Version 12.00
# Visual Studio 15
VisualStudioVersion = 15.0.28307.902
MinimumVisualStudioVersion = 10.0.40219.1
Project("{2150E333-8FDC-42A3-9474-1A3956D46DE8}") = "CleanArch.Application", "CleanArch.Application", "{7893C8E9-0F69-44A5-8134-B1C8002CD580}"
EndProject
Project("{2150E333-8FDC-42A3-9474-1A3956D46DE8}") = "CleanArch.Domain", "CleanArch.Domain", "{072D94C5-EBC1-4D29-808B-0C55DDAB3E55}"
EndProject
Project("{2150E333-8FDC-42A3-9474-1A3956D46DE8}") = "CleanArch.Infra.IoC", "CleanArch.Infra.IoC", "{34E2ADF1-9355-4F3C-8AB3-4A0CAE2AB57E}"
EndProject
Project("{2150E333-8FDC-42A3-9474-1A3956D46DE8}") = "CleanArch.Infra.Data", "CleanArch.Infra.Data", "{39F32040-0B8B-485A-BD91-D47C144DBD56}"
EndProject
Project("{2150E333-8FDC-42A3-9474-1A3956D46DE8}") = "CleanArch.UI.Mvc", "CleanArch.UI.Mvc", "{AE4CB761-DC60-40F6-8673-7735FE6380E9}"
EndProject
Project("{9A19103F-16F7-4668-BE54-9A1E7A4F7556}") = "CleanArch.Mvc", "CleanArch.Mvc\CleanArch.Mvc.csproj", "{2B844DD9-B9A0-4B6F-858D-2ED6AEC8DF6E}"
EndProject
Project("{FAE04EC0-301F-11D3-BF4B-00C04F79EFBC}") = "ClearArch.Domain", "ClearArch.Domain\ClearArch.Domain.csproj", "{0C058CC1-C8B6-4BD1-87EC-FA41A926F2F8}"
EndProject
Global
	GlobalSection(SolutionConfigurationPlatforms) = preSolution
		Debug|Any CPU = Debug|Any CPU
		Release|Any CPU = Release|Any CPU
	EndGlobalSection
	GlobalSection(ProjectConfigurationPlatforms) = postSolution
		{2B844DD9-B9A0-4B6F-858D-2ED6AEC8DF6E}.Debug|Any CPU.ActiveCfg = Debug|Any CPU
		{2B844DD9-B9A0-4B6F-858D-2ED6AEC8DF6E}.Debug|Any CPU.Build.0 = Debug|Any CPU
		{2B844DD9-B9A0-4B6F-858D-2ED6AEC8DF6E}.Release|Any CPU.ActiveCfg = Release|Any CPU
		{2B844DD9-B9A0-4B6F-858D-2ED6AEC8DF6E}.Release|Any CPU.Build.0 = Release|Any CPU
		{0C058CC1-C8B6-4BD1-87EC-FA41A926F2F8}.Debug|Any CPU.ActiveCfg = Debug|Any CPU
		{0C058CC1-C8B6-4BD1-87EC-FA41A926F2F8}.Debug|Any CPU.Build.0 = Debug|Any CPU
		{0C058CC1-C8B6-4BD1-87EC-FA41A926F2F8}.Release|Any CPU.ActiveCfg = Release|Any CPU
		{0C058CC1-C8B6-4BD1-87EC-FA41A926F2F8}.Release|Any CPU.Build.0 = Release|Any CPU
	EndGlobalSection
	GlobalSection(SolutionProperties) = preSolution
		HideSolutionNode = FALSE
	EndGlobalSection
	GlobalSection(NestedProjects) = preSolution
		{2B844DD9-B9A0-4B6F-858D-2ED6AEC8DF6E} = {AE4CB761-DC60-40F6-8673-7735FE6380E9}
		{0C058CC1-C8B6-4BD1-87EC-FA41A926F2F8} = {072D94C5-EBC1-4D29-808B-0C55DDAB3E55}
	EndGlobalSection
	GlobalSection(ExtensibilityGlobals) = postSolution
		SolutionGuid = {5A834302-8DD8-48EE-BED7-ED0193B66574}
	EndGlobalSection
EndGlobal
