
Microsoft Visual Studio Solution File, Format Version 12.00
# Visual Studio 15
VisualStudioVersion = 15.0.28307.902
MinimumVisualStudioVersion = 10.0.40219.1
Project("{2150E333-8FDC-42A3-9474-1A3956D46DE8}") = "Application", "Application", "{7893C8E9-0F69-44A5-8134-B1C8002CD580}"
EndProject
Project("{2150E333-8FDC-42A3-9474-1A3956D46DE8}") = "Domain", "Domain", "{072D94C5-EBC1-4D29-808B-0C55DDAB3E55}"
EndProject
Project("{2150E333-8FDC-42A3-9474-1A3956D46DE8}") = "Infra.IoC", "Infra.IoC", "{34E2ADF1-9355-4F3C-8AB3-4A0CAE2AB57E}"
EndProject
Project("{2150E333-8FDC-42A3-9474-1A3956D46DE8}") = "Infra.Data", "Infra.Data", "{39F32040-0B8B-485A-BD91-D47C144DBD56}"
EndProject
Project("{2150E333-8FDC-42A3-9474-1A3956D46DE8}") = "Presentation", "Presentation", "{527BB9CB-C1F4-4D73-8F26-33D652938C5A}"
EndProject
Project("{9A19103F-16F7-4668-BE54-9A1E7A4F7556}") = "CleanArch.Domain", "Domain\CleanArch.Domain.csproj", "{D5D39381-C33F-4DDC-B745-351C38D7011E}"
EndProject
Project("{9A19103F-16F7-4668-BE54-9A1E7A4F7556}") = "CleanArch.Infra.Data", "Infra.Data\CleanArch.Infra.Data.csproj", "{7EE10FEC-8762-4BAC-9493-73BACB2EECA8}"
EndProject
Project("{FAE04EC0-301F-11D3-BF4B-00C04F79EFBC}") = "CleanArch.UI.Mvc", "CleanArch.UI.Mvc\CleanArch.UI.Mvc.csproj", "{69D22800-C47C-47AA-9539-A07809C48FD2}"
EndProject
Global
	GlobalSection(SolutionConfigurationPlatforms) = preSolution
		Debug|Any CPU = Debug|Any CPU
		Release|Any CPU = Release|Any CPU
	EndGlobalSection
	GlobalSection(ProjectConfigurationPlatforms) = postSolution
		{D5D39381-C33F-4DDC-B745-351C38D7011E}.Debug|Any CPU.ActiveCfg = Debug|Any CPU
		{D5D39381-C33F-4DDC-B745-351C38D7011E}.Debug|Any CPU.Build.0 = Debug|Any CPU
		{D5D39381-C33F-4DDC-B745-351C38D7011E}.Release|Any CPU.ActiveCfg = Release|Any CPU
		{D5D39381-C33F-4DDC-B745-351C38D7011E}.Release|Any CPU.Build.0 = Release|Any CPU
		{7EE10FEC-8762-4BAC-9493-73BACB2EECA8}.Debug|Any CPU.ActiveCfg = Debug|Any CPU
		{7EE10FEC-8762-4BAC-9493-73BACB2EECA8}.Debug|Any CPU.Build.0 = Debug|Any CPU
		{7EE10FEC-8762-4BAC-9493-73BACB2EECA8}.Release|Any CPU.ActiveCfg = Release|Any CPU
		{7EE10FEC-8762-4BAC-9493-73BACB2EECA8}.Release|Any CPU.Build.0 = Release|Any CPU
		{69D22800-C47C-47AA-9539-A07809C48FD2}.Debug|Any CPU.ActiveCfg = Debug|Any CPU
		{69D22800-C47C-47AA-9539-A07809C48FD2}.Debug|Any CPU.Build.0 = Debug|Any CPU
		{69D22800-C47C-47AA-9539-A07809C48FD2}.Release|Any CPU.ActiveCfg = Release|Any CPU
		{69D22800-C47C-47AA-9539-A07809C48FD2}.Release|Any CPU.Build.0 = Release|Any CPU
	EndGlobalSection
	GlobalSection(SolutionProperties) = preSolution
		HideSolutionNode = FALSE
	EndGlobalSection
	GlobalSection(NestedProjects) = preSolution
		{D5D39381-C33F-4DDC-B745-351C38D7011E} = {072D94C5-EBC1-4D29-808B-0C55DDAB3E55}
		{7EE10FEC-8762-4BAC-9493-73BACB2EECA8} = {39F32040-0B8B-485A-BD91-D47C144DBD56}
		{69D22800-C47C-47AA-9539-A07809C48FD2} = {527BB9CB-C1F4-4D73-8F26-33D652938C5A}
	EndGlobalSection
	GlobalSection(ExtensibilityGlobals) = postSolution
		SolutionGuid = {5A834302-8DD8-48EE-BED7-ED0193B66574}
	EndGlobalSection
EndGlobal
